// !$*UTF8*$!
{
	archiveVersion = 1;
	classes = {
	};
	objectVersion = 56;
	objects = {

/* Begin PBXBuildFile section */
		F90EF12D293E432B007C45FD /* PetDetailScreen.swift in Sources */ = {isa = PBXBuildFile; fileRef = F90EF12C293E432B007C45FD /* PetDetailScreen.swift */; };
		F90EF130293E44D3007C45FD /* PetDetailViewModel.swift in Sources */ = {isa = PBXBuildFile; fileRef = F90EF12F293E44D3007C45FD /* PetDetailViewModel.swift */; };
		F90EF132293E4863007C45FD /* TextRowUIModel.swift in Sources */ = {isa = PBXBuildFile; fileRef = F90EF131293E4863007C45FD /* TextRowUIModel.swift */; };
		F90EF134293E489A007C45FD /* TextRowComponent.swift in Sources */ = {isa = PBXBuildFile; fileRef = F90EF133293E489A007C45FD /* TextRowComponent.swift */; };
		F90EF136293E4AE5007C45FD /* RatingRowUIModel.swift in Sources */ = {isa = PBXBuildFile; fileRef = F90EF135293E4AE5007C45FD /* RatingRowUIModel.swift */; };
		F90EF138293E4B0F007C45FD /* RatingRowComponent.swift in Sources */ = {isa = PBXBuildFile; fileRef = F90EF137293E4B0F007C45FD /* RatingRowComponent.swift */; };
		F90EF13A293E4C6D007C45FD /* RatingView.swift in Sources */ = {isa = PBXBuildFile; fileRef = F90EF139293E4C6D007C45FD /* RatingView.swift */; };
		F90EF13C293E4F67007C45FD /* ListUIModel.swift in Sources */ = {isa = PBXBuildFile; fileRef = F90EF13B293E4F67007C45FD /* ListUIModel.swift */; };
		F90EF13E293E508D007C45FD /* ListComponent.swift in Sources */ = {isa = PBXBuildFile; fileRef = F90EF13D293E508D007C45FD /* ListComponent.swift */; };
		F90EF140293E51EA007C45FD /* RowComponent.swift in Sources */ = {isa = PBXBuildFile; fileRef = F90EF13F293E51EA007C45FD /* RowComponent.swift */; };
		F91BABE1293A5187003E2C76 /* SDUI_Pets_ApplicationApp.swift in Sources */ = {isa = PBXBuildFile; fileRef = F91BABE0293A5187003E2C76 /* SDUI_Pets_ApplicationApp.swift */; };
		F91BABE3293A5187003E2C76 /* ContentView.swift in Sources */ = {isa = PBXBuildFile; fileRef = F91BABE2293A5187003E2C76 /* ContentView.swift */; };
		F91BABE5293A5188003E2C76 /* Assets.xcassets in Resources */ = {isa = PBXBuildFile; fileRef = F91BABE4293A5188003E2C76 /* Assets.xcassets */; };
		F91BABE8293A5188003E2C76 /* Preview Assets.xcassets in Resources */ = {isa = PBXBuildFile; fileRef = F91BABE7293A5188003E2C76 /* Preview Assets.xcassets */; };
		F91BABF0293A52ED003E2C76 /* Webservice.swift in Sources */ = {isa = PBXBuildFile; fileRef = F91BABEF293A52ED003E2C76 /* Webservice.swift */; };
		F91BABF3293A539D003E2C76 /* Utils.swift in Sources */ = {isa = PBXBuildFile; fileRef = F91BABF2293A539D003E2C76 /* Utils.swift */; };
		F91BABF6293A5FE4003E2C76 /* ScreenModel.swift in Sources */ = {isa = PBXBuildFile; fileRef = F91BABF5293A5FE4003E2C76 /* ScreenModel.swift */; };
		F91BABF9293A615B003E2C76 /* UIComponent.swift in Sources */ = {isa = PBXBuildFile; fileRef = F91BABF8293A615B003E2C76 /* UIComponent.swift */; };
		F91BABFB293A61B0003E2C76 /* FeaturedImageComponent.swift in Sources */ = {isa = PBXBuildFile; fileRef = F91BABFA293A61B0003E2C76 /* FeaturedImageComponent.swift */; };
		F91BABFD293A62AE003E2C76 /* FeaturedImageUIModel.swift in Sources */ = {isa = PBXBuildFile; fileRef = F91BABFC293A62AE003E2C76 /* FeaturedImageUIModel.swift */; };
		F91BAC00293A6361003E2C76 /* View+Extensions.swift in Sources */ = {isa = PBXBuildFile; fileRef = F91BABFF293A6361003E2C76 /* View+Extensions.swift */; };
		F91BAC03293A6563003E2C76 /* PetListViewModel.swift in Sources */ = {isa = PBXBuildFile; fileRef = F91BAC02293A6563003E2C76 /* PetListViewModel.swift */; };
		F91BAC05293B44DC003E2C76 /* Dictionary+Extensions.swift in Sources */ = {isa = PBXBuildFile; fileRef = F91BAC04293B44DB003E2C76 /* Dictionary+Extensions.swift */; };
		F91BAC07293B7CB6003E2C76 /* pet-listing.json in Resources */ = {isa = PBXBuildFile; fileRef = F91BAC06293B7CB6003E2C76 /* pet-listing.json */; };
		F91BAC09293B7D58003E2C76 /* MockService.swift in Sources */ = {isa = PBXBuildFile; fileRef = F91BAC08293B7D58003E2C76 /* MockService.swift */; };
		F91BAC0B293B7DD8003E2C76 /* NetworkService.swift in Sources */ = {isa = PBXBuildFile; fileRef = F91BAC0A293B7DD8003E2C76 /* NetworkService.swift */; };
		F91BAC0E293C9A20003E2C76 /* JSON.swift in Sources */ = {isa = PBXBuildFile; fileRef = F91BAC0D293C9A20003E2C76 /* JSON.swift */; };
		F91BAC10293C9D04003E2C76 /* CarouselUIModel.swift in Sources */ = {isa = PBXBuildFile; fileRef = F91BAC0F293C9D04003E2C76 /* CarouselUIModel.swift */; };
		F91BAC12293C9D2C003E2C76 /* CarouselComponent.swift in Sources */ = {isa = PBXBuildFile; fileRef = F91BAC11293C9D2C003E2C76 /* CarouselComponent.swift */; };
		F91BAC15293C9D9D003E2C76 /* CarouselView.swift in Sources */ = {isa = PBXBuildFile; fileRef = F91BAC14293C9D9D003E2C76 /* CarouselView.swift */; };
		F91BAC17293C9DDA003E2C76 /* String+Extensions.swift in Sources */ = {isa = PBXBuildFile; fileRef = F91BAC16293C9DDA003E2C76 /* String+Extensions.swift */; };
		F91BAC19293CA36D003E2C76 /* CachedAsyncImage.swift in Sources */ = {isa = PBXBuildFile; fileRef = F91BAC18293CA36D003E2C76 /* CachedAsyncImage.swift */; };
		F91BAC1C293CAD48003E2C76 /* Action.swift in Sources */ = {isa = PBXBuildFile; fileRef = F91BAC1B293CAD48003E2C76 /* Action.swift */; };
		F91BAC1F293CADA5003E2C76 /* Route.swift in Sources */ = {isa = PBXBuildFile; fileRef = F91BAC1E293CADA5003E2C76 /* Route.swift */; };
		F91BAC21293CAE27003E2C76 /* Navigator.swift in Sources */ = {isa = PBXBuildFile; fileRef = F91BAC20293CAE27003E2C76 /* Navigator.swift */; };
/* End PBXBuildFile section */

/* Begin PBXFileReference section */
		F90EF12C293E432B007C45FD /* PetDetailScreen.swift */ = {isa = PBXFileReference; lastKnownFileType = sourcecode.swift; path = PetDetailScreen.swift; sourceTree = "<group>"; };
		F90EF12F293E44D3007C45FD /* PetDetailViewModel.swift */ = {isa = PBXFileReference; lastKnownFileType = sourcecode.swift; path = PetDetailViewModel.swift; sourceTree = "<group>"; };
		F90EF131293E4863007C45FD /* TextRowUIModel.swift */ = {isa = PBXFileReference; lastKnownFileType = sourcecode.swift; path = TextRowUIModel.swift; sourceTree = "<group>"; };
		F90EF133293E489A007C45FD /* TextRowComponent.swift */ = {isa = PBXFileReference; lastKnownFileType = sourcecode.swift; path = TextRowComponent.swift; sourceTree = "<group>"; };
		F90EF135293E4AE5007C45FD /* RatingRowUIModel.swift */ = {isa = PBXFileReference; lastKnownFileType = sourcecode.swift; path = RatingRowUIModel.swift; sourceTree = "<group>"; };
		F90EF137293E4B0F007C45FD /* RatingRowComponent.swift */ = {isa = PBXFileReference; lastKnownFileType = sourcecode.swift; path = RatingRowComponent.swift; sourceTree = "<group>"; };
		F90EF139293E4C6D007C45FD /* RatingView.swift */ = {isa = PBXFileReference; fileEncoding = 4; lastKnownFileType = sourcecode.swift; path = RatingView.swift; sourceTree = "<group>"; };
		F90EF13B293E4F67007C45FD /* ListUIModel.swift */ = {isa = PBXFileReference; lastKnownFileType = sourcecode.swift; path = ListUIModel.swift; sourceTree = "<group>"; };
		F90EF13D293E508D007C45FD /* ListComponent.swift */ = {isa = PBXFileReference; lastKnownFileType = sourcecode.swift; path = ListComponent.swift; sourceTree = "<group>"; };
		F90EF13F293E51EA007C45FD /* RowComponent.swift */ = {isa = PBXFileReference; lastKnownFileType = sourcecode.swift; path = RowComponent.swift; sourceTree = "<group>"; };
		F91BABDD293A5187003E2C76 /* SDUI-Pets-Application.app */ = {isa = PBXFileReference; explicitFileType = wrapper.application; includeInIndex = 0; path = "SDUI-Pets-Application.app"; sourceTree = BUILT_PRODUCTS_DIR; };
		F91BABE0293A5187003E2C76 /* SDUI_Pets_ApplicationApp.swift */ = {isa = PBXFileReference; lastKnownFileType = sourcecode.swift; path = SDUI_Pets_ApplicationApp.swift; sourceTree = "<group>"; };
		F91BABE2293A5187003E2C76 /* ContentView.swift */ = {isa = PBXFileReference; lastKnownFileType = sourcecode.swift; path = ContentView.swift; sourceTree = "<group>"; };
		F91BABE4293A5188003E2C76 /* Assets.xcassets */ = {isa = PBXFileReference; lastKnownFileType = folder.assetcatalog; path = Assets.xcassets; sourceTree = "<group>"; };
		F91BABE7293A5188003E2C76 /* Preview Assets.xcassets */ = {isa = PBXFileReference; lastKnownFileType = folder.assetcatalog; path = "Preview Assets.xcassets"; sourceTree = "<group>"; };
		F91BABEF293A52ED003E2C76 /* Webservice.swift */ = {isa = PBXFileReference; lastKnownFileType = sourcecode.swift; path = Webservice.swift; sourceTree = "<group>"; };
		F91BABF2293A539D003E2C76 /* Utils.swift */ = {isa = PBXFileReference; lastKnownFileType = sourcecode.swift; path = Utils.swift; sourceTree = "<group>"; };
		F91BABF5293A5FE4003E2C76 /* ScreenModel.swift */ = {isa = PBXFileReference; lastKnownFileType = sourcecode.swift; path = ScreenModel.swift; sourceTree = "<group>"; };
		F91BABF8293A615B003E2C76 /* UIComponent.swift */ = {isa = PBXFileReference; lastKnownFileType = sourcecode.swift; path = UIComponent.swift; sourceTree = "<group>"; };
		F91BABFA293A61B0003E2C76 /* FeaturedImageComponent.swift */ = {isa = PBXFileReference; lastKnownFileType = sourcecode.swift; path = FeaturedImageComponent.swift; sourceTree = "<group>"; };
		F91BABFC293A62AE003E2C76 /* FeaturedImageUIModel.swift */ = {isa = PBXFileReference; lastKnownFileType = sourcecode.swift; path = FeaturedImageUIModel.swift; sourceTree = "<group>"; };
		F91BABFF293A6361003E2C76 /* View+Extensions.swift */ = {isa = PBXFileReference; lastKnownFileType = sourcecode.swift; path = "View+Extensions.swift"; sourceTree = "<group>"; };
		F91BAC02293A6563003E2C76 /* PetListViewModel.swift */ = {isa = PBXFileReference; lastKnownFileType = sourcecode.swift; path = PetListViewModel.swift; sourceTree = "<group>"; };
		F91BAC04293B44DB003E2C76 /* Dictionary+Extensions.swift */ = {isa = PBXFileReference; lastKnownFileType = sourcecode.swift; path = "Dictionary+Extensions.swift"; sourceTree = "<group>"; };
		F91BAC06293B7CB6003E2C76 /* pet-listing.json */ = {isa = PBXFileReference; lastKnownFileType = text.json; path = "pet-listing.json"; sourceTree = "<group>"; };
		F91BAC08293B7D58003E2C76 /* MockService.swift */ = {isa = PBXFileReference; lastKnownFileType = sourcecode.swift; path = MockService.swift; sourceTree = "<group>"; };
		F91BAC0A293B7DD8003E2C76 /* NetworkService.swift */ = {isa = PBXFileReference; lastKnownFileType = sourcecode.swift; path = NetworkService.swift; sourceTree = "<group>"; };
		F91BAC0C293BB0AD003E2C76 /* SDUIPlayground.playground */ = {isa = PBXFileReference; lastKnownFileType = file.playground; path = SDUIPlayground.playground; sourceTree = "<group>"; xcLanguageSpecificationIdentifier = xcode.lang.swift; };
		F91BAC0D293C9A20003E2C76 /* JSON.swift */ = {isa = PBXFileReference; lastKnownFileType = sourcecode.swift; path = JSON.swift; sourceTree = "<group>"; };
		F91BAC0F293C9D04003E2C76 /* CarouselUIModel.swift */ = {isa = PBXFileReference; lastKnownFileType = sourcecode.swift; path = CarouselUIModel.swift; sourceTree = "<group>"; };
		F91BAC11293C9D2C003E2C76 /* CarouselComponent.swift */ = {isa = PBXFileReference; lastKnownFileType = sourcecode.swift; path = CarouselComponent.swift; sourceTree = "<group>"; };
		F91BAC14293C9D9D003E2C76 /* CarouselView.swift */ = {isa = PBXFileReference; lastKnownFileType = sourcecode.swift; path = CarouselView.swift; sourceTree = "<group>"; };
		F91BAC16293C9DDA003E2C76 /* String+Extensions.swift */ = {isa = PBXFileReference; lastKnownFileType = sourcecode.swift; path = "String+Extensions.swift"; sourceTree = "<group>"; };
		F91BAC18293CA36D003E2C76 /* CachedAsyncImage.swift */ = {isa = PBXFileReference; lastKnownFileType = sourcecode.swift; path = CachedAsyncImage.swift; sourceTree = "<group>"; };
		F91BAC1B293CAD48003E2C76 /* Action.swift */ = {isa = PBXFileReference; lastKnownFileType = sourcecode.swift; path = Action.swift; sourceTree = "<group>"; };
		F91BAC1E293CADA5003E2C76 /* Route.swift */ = {isa = PBXFileReference; lastKnownFileType = sourcecode.swift; path = Route.swift; sourceTree = "<group>"; };
		F91BAC20293CAE27003E2C76 /* Navigator.swift */ = {isa = PBXFileReference; lastKnownFileType = sourcecode.swift; path = Navigator.swift; sourceTree = "<group>"; };
/* End PBXFileReference section */

/* Begin PBXFrameworksBuildPhase section */
		F91BABDA293A5187003E2C76 /* Frameworks */ = {
			isa = PBXFrameworksBuildPhase;
			buildActionMask = 2147483647;
			files = (
			);
			runOnlyForDeploymentPostprocessing = 0;
		};
/* End PBXFrameworksBuildPhase section */

/* Begin PBXGroup section */
		F90EF12B293E4320007C45FD /* Screens */ = {
			isa = PBXGroup;
			children = (
				F90EF12E293E44C7007C45FD /* PetDetail */,
			);
			path = Screens;
			sourceTree = "<group>";
		};
		F90EF12E293E44C7007C45FD /* PetDetail */ = {
			isa = PBXGroup;
			children = (
				F90EF12C293E432B007C45FD /* PetDetailScreen.swift */,
				F90EF12F293E44D3007C45FD /* PetDetailViewModel.swift */,
			);
			path = PetDetail;
			sourceTree = "<group>";
		};
		F91BABD4293A5187003E2C76 = {
			isa = PBXGroup;
			children = (
				F91BAC0C293BB0AD003E2C76 /* SDUIPlayground.playground */,
				F91BABDF293A5187003E2C76 /* SDUI-Pets-Application */,
				F91BABDE293A5187003E2C76 /* Products */,
			);
			sourceTree = "<group>";
		};
		F91BABDE293A5187003E2C76 /* Products */ = {
			isa = PBXGroup;
			children = (
				F91BABDD293A5187003E2C76 /* SDUI-Pets-Application.app */,
			);
			name = Products;
			sourceTree = "<group>";
		};
		F91BABDF293A5187003E2C76 /* SDUI-Pets-Application */ = {
			isa = PBXGroup;
			children = (
				F90EF12B293E4320007C45FD /* Screens */,
				F91BAC1D293CAD96003E2C76 /* Navigation */,
				F91BAC1A293CAC1F003E2C76 /* Actions */,
				F91BAC13293C9D94003E2C76 /* Views */,
				F91BAC01293A6547003E2C76 /* ViewModels */,
				F91BABFE293A6353003E2C76 /* Extensions */,
				F91BABF7293A6152003E2C76 /* Components */,
				F91BABF4293A5828003E2C76 /* UIModels */,
				F91BABF1293A5392003E2C76 /* Utils */,
				F91BABEE293A52E5003E2C76 /* Services */,
				F91BABE0293A5187003E2C76 /* SDUI_Pets_ApplicationApp.swift */,
				F91BABE2293A5187003E2C76 /* ContentView.swift */,
				F91BAC06293B7CB6003E2C76 /* pet-listing.json */,
				F91BABE4293A5188003E2C76 /* Assets.xcassets */,
				F91BABE6293A5188003E2C76 /* Preview Content */,
			);
			path = "SDUI-Pets-Application";
			sourceTree = "<group>";
		};
		F91BABE6293A5188003E2C76 /* Preview Content */ = {
			isa = PBXGroup;
			children = (
				F91BABE7293A5188003E2C76 /* Preview Assets.xcassets */,
			);
			path = "Preview Content";
			sourceTree = "<group>";
		};
		F91BABEE293A52E5003E2C76 /* Services */ = {
			isa = PBXGroup;
			children = (
				F91BABEF293A52ED003E2C76 /* Webservice.swift */,
				F91BAC08293B7D58003E2C76 /* MockService.swift */,
				F91BAC0A293B7DD8003E2C76 /* NetworkService.swift */,
			);
			path = Services;
			sourceTree = "<group>";
		};
		F91BABF1293A5392003E2C76 /* Utils */ = {
			isa = PBXGroup;
			children = (
				F91BABF2293A539D003E2C76 /* Utils.swift */,
				F91BAC18293CA36D003E2C76 /* CachedAsyncImage.swift */,
			);
			path = Utils;
			sourceTree = "<group>";
		};
		F91BABF4293A5828003E2C76 /* UIModels */ = {
			isa = PBXGroup;
			children = (
				F91BABF5293A5FE4003E2C76 /* ScreenModel.swift */,
				F91BABFC293A62AE003E2C76 /* FeaturedImageUIModel.swift */,
				F91BAC0F293C9D04003E2C76 /* CarouselUIModel.swift */,
				F91BAC0D293C9A20003E2C76 /* JSON.swift */,
				F90EF131293E4863007C45FD /* TextRowUIModel.swift */,
				F90EF135293E4AE5007C45FD /* RatingRowUIModel.swift */,
				F90EF13B293E4F67007C45FD /* ListUIModel.swift */,
			);
			path = UIModels;
			sourceTree = "<group>";
		};
		F91BABF7293A6152003E2C76 /* Components */ = {
			isa = PBXGroup;
			children = (
				F91BABF8293A615B003E2C76 /* UIComponent.swift */,
				F91BABFA293A61B0003E2C76 /* FeaturedImageComponent.swift */,
				F91BAC11293C9D2C003E2C76 /* CarouselComponent.swift */,
				F90EF133293E489A007C45FD /* TextRowComponent.swift */,
				F90EF137293E4B0F007C45FD /* RatingRowComponent.swift */,
				F90EF13D293E508D007C45FD /* ListComponent.swift */,
				F90EF13F293E51EA007C45FD /* RowComponent.swift */,
			);
			path = Components;
			sourceTree = "<group>";
		};
		F91BABFE293A6353003E2C76 /* Extensions */ = {
			isa = PBXGroup;
			children = (
				F91BABFF293A6361003E2C76 /* View+Extensions.swift */,
				F91BAC04293B44DB003E2C76 /* Dictionary+Extensions.swift */,
				F91BAC16293C9DDA003E2C76 /* String+Extensions.swift */,
			);
			path = Extensions;
			sourceTree = "<group>";
		};
		F91BAC01293A6547003E2C76 /* ViewModels */ = {
			isa = PBXGroup;
			children = (
				F91BAC02293A6563003E2C76 /* PetListViewModel.swift */,
			);
			path = ViewModels;
			sourceTree = "<group>";
		};
		F91BAC13293C9D94003E2C76 /* Views */ = {
			isa = PBXGroup;
			children = (
				F90EF139293E4C6D007C45FD /* RatingView.swift */,
				F91BAC14293C9D9D003E2C76 /* CarouselView.swift */,
			);
			path = Views;
			sourceTree = "<group>";
		};
		F91BAC1A293CAC1F003E2C76 /* Actions */ = {
			isa = PBXGroup;
			children = (
				F91BAC1B293CAD48003E2C76 /* Action.swift */,
			);
			path = Actions;
			sourceTree = "<group>";
		};
		F91BAC1D293CAD96003E2C76 /* Navigation */ = {
			isa = PBXGroup;
			children = (
				F91BAC1E293CADA5003E2C76 /* Route.swift */,
				F91BAC20293CAE27003E2C76 /* Navigator.swift */,
			);
			path = Navigation;
			sourceTree = "<group>";
		};
/* End PBXGroup section */

/* Begin PBXNativeTarget section */
		F91BABDC293A5187003E2C76 /* SDUI-Pets-Application */ = {
			isa = PBXNativeTarget;
			buildConfigurationList = F91BABEB293A5188003E2C76 /* Build configuration list for PBXNativeTarget "SDUI-Pets-Application" */;
			buildPhases = (
				F91BABD9293A5187003E2C76 /* Sources */,
				F91BABDA293A5187003E2C76 /* Frameworks */,
				F91BABDB293A5187003E2C76 /* Resources */,
			);
			buildRules = (
			);
			dependencies = (
			);
			name = "SDUI-Pets-Application";
			productName = "SDUI-Pets-Application";
			productReference = F91BABDD293A5187003E2C76 /* SDUI-Pets-Application.app */;
			productType = "com.apple.product-type.application";
		};
/* End PBXNativeTarget section */

/* Begin PBXProject section */
		F91BABD5293A5187003E2C76 /* Project object */ = {
			isa = PBXProject;
			attributes = {
				BuildIndependentTargetsInParallel = 1;
				LastSwiftUpdateCheck = 1410;
				LastUpgradeCheck = 1410;
				TargetAttributes = {
					F91BABDC293A5187003E2C76 = {
						CreatedOnToolsVersion = 14.1;
					};
				};
			};
			buildConfigurationList = F91BABD8293A5187003E2C76 /* Build configuration list for PBXProject "SDUI-Pets-Application" */;
			compatibilityVersion = "Xcode 14.0";
			developmentRegion = en;
			hasScannedForEncodings = 0;
			knownRegions = (
				en,
				Base,
			);
			mainGroup = F91BABD4293A5187003E2C76;
			productRefGroup = F91BABDE293A5187003E2C76 /* Products */;
			projectDirPath = "";
			projectRoot = "";
			targets = (
				F91BABDC293A5187003E2C76 /* SDUI-Pets-Application */,
			);
		};
/* End PBXProject section */

/* Begin PBXResourcesBuildPhase section */
		F91BABDB293A5187003E2C76 /* Resources */ = {
			isa = PBXResourcesBuildPhase;
			buildActionMask = 2147483647;
			files = (
				F91BABE8293A5188003E2C76 /* Preview Assets.xcassets in Resources */,
				F91BAC07293B7CB6003E2C76 /* pet-listing.json in Resources */,
				F91BABE5293A5188003E2C76 /* Assets.xcassets in Resources */,
			);
			runOnlyForDeploymentPostprocessing = 0;
		};
/* End PBXResourcesBuildPhase section */

/* Begin PBXSourcesBuildPhase section */
		F91BABD9293A5187003E2C76 /* Sources */ = {
			isa = PBXSourcesBuildPhase;
			buildActionMask = 2147483647;
			files = (
				F91BABE3293A5187003E2C76 /* ContentView.swift in Sources */,
				F91BAC0E293C9A20003E2C76 /* JSON.swift in Sources */,
				F91BAC00293A6361003E2C76 /* View+Extensions.swift in Sources */,
				F90EF132293E4863007C45FD /* TextRowUIModel.swift in Sources */,
				F91BAC12293C9D2C003E2C76 /* CarouselComponent.swift in Sources */,
				F90EF136293E4AE5007C45FD /* RatingRowUIModel.swift in Sources */,
				F91BAC17293C9DDA003E2C76 /* String+Extensions.swift in Sources */,
				F91BAC21293CAE27003E2C76 /* Navigator.swift in Sources */,
				F91BABF9293A615B003E2C76 /* UIComponent.swift in Sources */,
				F90EF13C293E4F67007C45FD /* ListUIModel.swift in Sources */,
				F91BABF6293A5FE4003E2C76 /* ScreenModel.swift in Sources */,
				F91BAC03293A6563003E2C76 /* PetListViewModel.swift in Sources */,
				F90EF138293E4B0F007C45FD /* RatingRowComponent.swift in Sources */,
				F90EF13A293E4C6D007C45FD /* RatingView.swift in Sources */,
				F91BAC19293CA36D003E2C76 /* CachedAsyncImage.swift in Sources */,
				F91BAC15293C9D9D003E2C76 /* CarouselView.swift in Sources */,
				F91BABE1293A5187003E2C76 /* SDUI_Pets_ApplicationApp.swift in Sources */,
				F91BABFB293A61B0003E2C76 /* FeaturedImageComponent.swift in Sources */,
				F91BAC1F293CADA5003E2C76 /* Route.swift in Sources */,
				F91BABF0293A52ED003E2C76 /* Webservice.swift in Sources */,
				F91BAC1C293CAD48003E2C76 /* Action.swift in Sources */,
				F90EF134293E489A007C45FD /* TextRowComponent.swift in Sources */,
				F91BAC10293C9D04003E2C76 /* CarouselUIModel.swift in Sources */,
				F90EF12D293E432B007C45FD /* PetDetailScreen.swift in Sources */,
				F90EF140293E51EA007C45FD /* RowComponent.swift in Sources */,
				F90EF13E293E508D007C45FD /* ListComponent.swift in Sources */,
				F91BABF3293A539D003E2C76 /* Utils.swift in Sources */,
				F90EF130293E44D3007C45FD /* PetDetailViewModel.swift in Sources */,
				F91BABFD293A62AE003E2C76 /* FeaturedImageUIModel.swift in Sources */,
				F91BAC05293B44DC003E2C76 /* Dictionary+Extensions.swift in Sources */,
				F91BAC0B293B7DD8003E2C76 /* NetworkService.swift in Sources */,
				F91BAC09293B7D58003E2C76 /* MockService.swift in Sources */,
			);
			runOnlyForDeploymentPostprocessing = 0;
		};
/* End PBXSourcesBuildPhase section */

/* Begin XCBuildConfiguration section */
		F91BABE9293A5188003E2C76 /* Debug */ = {
			isa = XCBuildConfiguration;
			buildSettings = {
				ALWAYS_SEARCH_USER_PATHS = NO;
				CLANG_ANALYZER_NONNULL = YES;
				CLANG_ANALYZER_NUMBER_OBJECT_CONVERSION = YES_AGGRESSIVE;
				CLANG_CXX_LANGUAGE_STANDARD = "gnu++20";
				CLANG_ENABLE_MODULES = YES;
				CLANG_ENABLE_OBJC_ARC = YES;
				CLANG_ENABLE_OBJC_WEAK = YES;
				CLANG_WARN_BLOCK_CAPTURE_AUTORELEASING = YES;
				CLANG_WARN_BOOL_CONVERSION = YES;
				CLANG_WARN_COMMA = YES;
				CLANG_WARN_CONSTANT_CONVERSION = YES;
				CLANG_WARN_DEPRECATED_OBJC_IMPLEMENTATIONS = YES;
				CLANG_WARN_DIRECT_OBJC_ISA_USAGE = YES_ERROR;
				CLANG_WARN_DOCUMENTATION_COMMENTS = YES;
				CLANG_WARN_EMPTY_BODY = YES;
				CLANG_WARN_ENUM_CONVERSION = YES;
				CLANG_WARN_INFINITE_RECURSION = YES;
				CLANG_WARN_INT_CONVERSION = YES;
				CLANG_WARN_NON_LITERAL_NULL_CONVERSION = YES;
				CLANG_WARN_OBJC_IMPLICIT_RETAIN_SELF = YES;
				CLANG_WARN_OBJC_LITERAL_CONVERSION = YES;
				CLANG_WARN_OBJC_ROOT_CLASS = YES_ERROR;
				CLANG_WARN_QUOTED_INCLUDE_IN_FRAMEWORK_HEADER = YES;
				CLANG_WARN_RANGE_LOOP_ANALYSIS = YES;
				CLANG_WARN_STRICT_PROTOTYPES = YES;
				CLANG_WARN_SUSPICIOUS_MOVE = YES;
				CLANG_WARN_UNGUARDED_AVAILABILITY = YES_AGGRESSIVE;
				CLANG_WARN_UNREACHABLE_CODE = YES;
				CLANG_WARN__DUPLICATE_METHOD_MATCH = YES;
				COPY_PHASE_STRIP = NO;
				DEBUG_INFORMATION_FORMAT = dwarf;
				ENABLE_STRICT_OBJC_MSGSEND = YES;
				ENABLE_TESTABILITY = YES;
				GCC_C_LANGUAGE_STANDARD = gnu11;
				GCC_DYNAMIC_NO_PIC = NO;
				GCC_NO_COMMON_BLOCKS = YES;
				GCC_OPTIMIZATION_LEVEL = 0;
				GCC_PREPROCESSOR_DEFINITIONS = (
					"DEBUG=1",
					"$(inherited)",
				);
				GCC_WARN_64_TO_32_BIT_CONVERSION = YES;
				GCC_WARN_ABOUT_RETURN_TYPE = YES_ERROR;
				GCC_WARN_UNDECLARED_SELECTOR = YES;
				GCC_WARN_UNINITIALIZED_AUTOS = YES_AGGRESSIVE;
				GCC_WARN_UNUSED_FUNCTION = YES;
				GCC_WARN_UNUSED_VARIABLE = YES;
				IPHONEOS_DEPLOYMENT_TARGET = 16.1;
				MTL_ENABLE_DEBUG_INFO = INCLUDE_SOURCE;
				MTL_FAST_MATH = YES;
				ONLY_ACTIVE_ARCH = YES;
				SDKROOT = iphoneos;
				SWIFT_ACTIVE_COMPILATION_CONDITIONS = DEBUG;
				SWIFT_OPTIMIZATION_LEVEL = "-Onone";
			};
			name = Debug;
		};
		F91BABEA293A5188003E2C76 /* Release */ = {
			isa = XCBuildConfiguration;
			buildSettings = {
				ALWAYS_SEARCH_USER_PATHS = NO;
				CLANG_ANALYZER_NONNULL = YES;
				CLANG_ANALYZER_NUMBER_OBJECT_CONVERSION = YES_AGGRESSIVE;
				CLANG_CXX_LANGUAGE_STANDARD = "gnu++20";
				CLANG_ENABLE_MODULES = YES;
				CLANG_ENABLE_OBJC_ARC = YES;
				CLANG_ENABLE_OBJC_WEAK = YES;
				CLANG_WARN_BLOCK_CAPTURE_AUTORELEASING = YES;
				CLANG_WARN_BOOL_CONVERSION = YES;
				CLANG_WARN_COMMA = YES;
				CLANG_WARN_CONSTANT_CONVERSION = YES;
				CLANG_WARN_DEPRECATED_OBJC_IMPLEMENTATIONS = YES;
				CLANG_WARN_DIRECT_OBJC_ISA_USAGE = YES_ERROR;
				CLANG_WARN_DOCUMENTATION_COMMENTS = YES;
				CLANG_WARN_EMPTY_BODY = YES;
				CLANG_WARN_ENUM_CONVERSION = YES;
				CLANG_WARN_INFINITE_RECURSION = YES;
				CLANG_WARN_INT_CONVERSION = YES;
				CLANG_WARN_NON_LITERAL_NULL_CONVERSION = YES;
				CLANG_WARN_OBJC_IMPLICIT_RETAIN_SELF = YES;
				CLANG_WARN_OBJC_LITERAL_CONVERSION = YES;
				CLANG_WARN_OBJC_ROOT_CLASS = YES_ERROR;
				CLANG_WARN_QUOTED_INCLUDE_IN_FRAMEWORK_HEADER = YES;
				CLANG_WARN_RANGE_LOOP_ANALYSIS = YES;
				CLANG_WARN_STRICT_PROTOTYPES = YES;
				CLANG_WARN_SUSPICIOUS_MOVE = YES;
				CLANG_WARN_UNGUARDED_AVAILABILITY = YES_AGGRESSIVE;
				CLANG_WARN_UNREACHABLE_CODE = YES;
				CLANG_WARN__DUPLICATE_METHOD_MATCH = YES;
				COPY_PHASE_STRIP = NO;
				DEBUG_INFORMATION_FORMAT = "dwarf-with-dsym";
				ENABLE_NS_ASSERTIONS = NO;
				ENABLE_STRICT_OBJC_MSGSEND = YES;
				GCC_C_LANGUAGE_STANDARD = gnu11;
				GCC_NO_COMMON_BLOCKS = YES;
				GCC_WARN_64_TO_32_BIT_CONVERSION = YES;
				GCC_WARN_ABOUT_RETURN_TYPE = YES_ERROR;
				GCC_WARN_UNDECLARED_SELECTOR = YES;
				GCC_WARN_UNINITIALIZED_AUTOS = YES_AGGRESSIVE;
				GCC_WARN_UNUSED_FUNCTION = YES;
				GCC_WARN_UNUSED_VARIABLE = YES;
				IPHONEOS_DEPLOYMENT_TARGET = 16.1;
				MTL_ENABLE_DEBUG_INFO = NO;
				MTL_FAST_MATH = YES;
				SDKROOT = iphoneos;
				SWIFT_COMPILATION_MODE = wholemodule;
				SWIFT_OPTIMIZATION_LEVEL = "-O";
				VALIDATE_PRODUCT = YES;
			};
			name = Release;
		};
		F91BABEC293A5188003E2C76 /* Debug */ = {
			isa = XCBuildConfiguration;
			buildSettings = {
				ASSETCATALOG_COMPILER_APPICON_NAME = AppIcon;
				ASSETCATALOG_COMPILER_GLOBAL_ACCENT_COLOR_NAME = AccentColor;
				CODE_SIGN_STYLE = Automatic;
				CURRENT_PROJECT_VERSION = 1;
				DEVELOPMENT_ASSET_PATHS = "\"SDUI-Pets-Application/Preview Content\"";
				ENABLE_PREVIEWS = YES;
				GENERATE_INFOPLIST_FILE = YES;
				INFOPLIST_KEY_UIApplicationSceneManifest_Generation = YES;
				INFOPLIST_KEY_UIApplicationSupportsIndirectInputEvents = YES;
				INFOPLIST_KEY_UILaunchScreen_Generation = YES;
				INFOPLIST_KEY_UISupportedInterfaceOrientations_iPad = "UIInterfaceOrientationPortrait UIInterfaceOrientationPortraitUpsideDown UIInterfaceOrientationLandscapeLeft UIInterfaceOrientationLandscapeRight";
				INFOPLIST_KEY_UISupportedInterfaceOrientations_iPhone = "UIInterfaceOrientationPortrait UIInterfaceOrientationLandscapeLeft UIInterfaceOrientationLandscapeRight";
				LD_RUNPATH_SEARCH_PATHS = (
					"$(inherited)",
					"@executable_path/Frameworks",
				);
				MARKETING_VERSION = 1.0;
				PRODUCT_BUNDLE_IDENTIFIER = "com.takasurazeem.SDUI-Pets-Application";
				PRODUCT_NAME = "$(TARGET_NAME)";
				SWIFT_EMIT_LOC_STRINGS = YES;
				SWIFT_VERSION = 5.0;
				TARGETED_DEVICE_FAMILY = "1,2";
			};
			name = Debug;
		};
		F91BABED293A5188003E2C76 /* Release */ = {
			isa = XCBuildConfiguration;
			buildSettings = {
				ASSETCATALOG_COMPILER_APPICON_NAME = AppIcon;
				ASSETCATALOG_COMPILER_GLOBAL_ACCENT_COLOR_NAME = AccentColor;
				CODE_SIGN_STYLE = Automatic;
				CURRENT_PROJECT_VERSION = 1;
				DEVELOPMENT_ASSET_PATHS = "\"SDUI-Pets-Application/Preview Content\"";
				ENABLE_PREVIEWS = YES;
				GENERATE_INFOPLIST_FILE = YES;
				INFOPLIST_KEY_UIApplicationSceneManifest_Generation = YES;
				INFOPLIST_KEY_UIApplicationSupportsIndirectInputEvents = YES;
				INFOPLIST_KEY_UILaunchScreen_Generation = YES;
				INFOPLIST_KEY_UISupportedInterfaceOrientations_iPad = "UIInterfaceOrientationPortrait UIInterfaceOrientationPortraitUpsideDown UIInterfaceOrientationLandscapeLeft UIInterfaceOrientationLandscapeRight";
				INFOPLIST_KEY_UISupportedInterfaceOrientations_iPhone = "UIInterfaceOrientationPortrait UIInterfaceOrientationLandscapeLeft UIInterfaceOrientationLandscapeRight";
				LD_RUNPATH_SEARCH_PATHS = (
					"$(inherited)",
					"@executable_path/Frameworks",
				);
				MARKETING_VERSION = 1.0;
				PRODUCT_BUNDLE_IDENTIFIER = "com.takasurazeem.SDUI-Pets-Application";
				PRODUCT_NAME = "$(TARGET_NAME)";
				SWIFT_EMIT_LOC_STRINGS = YES;
				SWIFT_VERSION = 5.0;
				TARGETED_DEVICE_FAMILY = "1,2";
			};
			name = Release;
		};
/* End XCBuildConfiguration section */

/* Begin XCConfigurationList section */
		F91BABD8293A5187003E2C76 /* Build configuration list for PBXProject "SDUI-Pets-Application" */ = {
			isa = XCConfigurationList;
			buildConfigurations = (
				F91BABE9293A5188003E2C76 /* Debug */,
				F91BABEA293A5188003E2C76 /* Release */,
			);
			defaultConfigurationIsVisible = 0;
			defaultConfigurationName = Release;
		};
		F91BABEB293A5188003E2C76 /* Build configuration list for PBXNativeTarget "SDUI-Pets-Application" */ = {
			isa = XCConfigurationList;
			buildConfigurations = (
				F91BABEC293A5188003E2C76 /* Debug */,
				F91BABED293A5188003E2C76 /* Release */,
			);
			defaultConfigurationIsVisible = 0;
			defaultConfigurationName = Release;
		};
/* End XCConfigurationList section */
	};
	rootObject = F91BABD5293A5187003E2C76 /* Project object */;
}
